
Microsoft Visual Studio Solution File, Format Version 12.00
# Visual Studio Version 16
VisualStudioVersion = 16.0.31129.286
MinimumVisualStudioVersion = 10.0.40219.1
Project("{2150E333-8FDC-42A3-9474-1A3956D46DE8}") = "src", "src", "{E4A88C30-C22F-4E75-B013-D8CC7DD90D32}"
EndProject
Project("{2150E333-8FDC-42A3-9474-1A3956D46DE8}") = "Catalog", "Catalog", "{3FB40F93-44B9-47FF-814C-FD6D40EC173B}"
EndProject
Project("{9A19103F-16F7-4668-BE54-9A1E7A4F7556}") = "Catalog.API", "src\Catalog\Catalog.API\Catalog.API.csproj", "{275C8BCC-3536-4AE2-8CF8-7FD4C89E2F05}"
EndProject
Project("{E53339B2-1760-4266-BCC7-CA923CBCF16C}") = "docker-compose", "docker-compose.dcproj", "{988249DF-2A69-4248-AE3C-3208C39833BB}"
EndProject
Project("{2150E333-8FDC-42A3-9474-1A3956D46DE8}") = "Basket", "Basket", "{2BAFF1DD-00EE-4F12-9A7D-C686ED31D16F}"
EndProject
Project("{9A19103F-16F7-4668-BE54-9A1E7A4F7556}") = "Basket.API", "src\Basket\Basket.API\Basket.API.csproj", "{6C5E043E-49F0-458C-B33B-924014D9A119}"
EndProject
Project("{2150E333-8FDC-42A3-9474-1A3956D46DE8}") = "Common", "Common", "{5AEE4053-DF60-4BF9-BAA5-5EB1957FED4B}"
EndProject
Project("{9A19103F-16F7-4668-BE54-9A1E7A4F7556}") = "EventBusRabbitMQ", "src\Common\EventBusRabbitMQ\EventBusRabbitMQ.csproj", "{EA77F882-9D75-4681-A2CE-2E428D472B15}"
EndProject
Project("{2150E333-8FDC-42A3-9474-1A3956D46DE8}") = "Ordering", "Ordering", "{5424B750-B809-4124-B108-7D3FF801475E}"
EndProject
Project("{9A19103F-16F7-4668-BE54-9A1E7A4F7556}") = "Ordering.API", "src\Ordering\Ordering.API\Ordering.API.csproj", "{81F84FC2-D79A-4F50-8BA6-05C81BBAB135}"
EndProject
Project("{FAE04EC0-301F-11D3-BF4B-00C04F79EFBC}") = "Ordering.Infrastructure", "src\Ordering\Ordering.Infrastructure\Ordering.Infrastructure.csproj", "{530DF075-21C3-4D8C-AF42-81248538FC22}"
EndProject
Project("{FAE04EC0-301F-11D3-BF4B-00C04F79EFBC}") = "Ordering.Core", "src\Ordering\Ordering.Core\Ordering.Core.csproj", "{CFA279C9-9F48-4F96-A9E7-62E694DF1899}"
EndProject
Project("{FAE04EC0-301F-11D3-BF4B-00C04F79EFBC}") = "Ordering.Application", "src\Ordering\Ordering.Application\Ordering.Application.csproj", "{6AA0D4C5-C09C-4271-ADF8-74D3CD7C3964}"
EndProject
Global
	GlobalSection(SolutionConfigurationPlatforms) = preSolution
		Debug|Any CPU = Debug|Any CPU
		Release|Any CPU = Release|Any CPU
	EndGlobalSection
	GlobalSection(ProjectConfigurationPlatforms) = postSolution
		{275C8BCC-3536-4AE2-8CF8-7FD4C89E2F05}.Debug|Any CPU.ActiveCfg = Debug|Any CPU
		{275C8BCC-3536-4AE2-8CF8-7FD4C89E2F05}.Debug|Any CPU.Build.0 = Debug|Any CPU
		{275C8BCC-3536-4AE2-8CF8-7FD4C89E2F05}.Release|Any CPU.ActiveCfg = Release|Any CPU
		{275C8BCC-3536-4AE2-8CF8-7FD4C89E2F05}.Release|Any CPU.Build.0 = Release|Any CPU
		{988249DF-2A69-4248-AE3C-3208C39833BB}.Debug|Any CPU.ActiveCfg = Debug|Any CPU
		{988249DF-2A69-4248-AE3C-3208C39833BB}.Debug|Any CPU.Build.0 = Debug|Any CPU
		{988249DF-2A69-4248-AE3C-3208C39833BB}.Release|Any CPU.ActiveCfg = Release|Any CPU
		{988249DF-2A69-4248-AE3C-3208C39833BB}.Release|Any CPU.Build.0 = Release|Any CPU
		{6C5E043E-49F0-458C-B33B-924014D9A119}.Debug|Any CPU.ActiveCfg = Debug|Any CPU
		{6C5E043E-49F0-458C-B33B-924014D9A119}.Debug|Any CPU.Build.0 = Debug|Any CPU
		{6C5E043E-49F0-458C-B33B-924014D9A119}.Release|Any CPU.ActiveCfg = Release|Any CPU
		{6C5E043E-49F0-458C-B33B-924014D9A119}.Release|Any CPU.Build.0 = Release|Any CPU
		{EA77F882-9D75-4681-A2CE-2E428D472B15}.Debug|Any CPU.ActiveCfg = Debug|Any CPU
		{EA77F882-9D75-4681-A2CE-2E428D472B15}.Debug|Any CPU.Build.0 = Debug|Any CPU
		{EA77F882-9D75-4681-A2CE-2E428D472B15}.Release|Any CPU.ActiveCfg = Release|Any CPU
		{EA77F882-9D75-4681-A2CE-2E428D472B15}.Release|Any CPU.Build.0 = Release|Any CPU
		{81F84FC2-D79A-4F50-8BA6-05C81BBAB135}.Debug|Any CPU.ActiveCfg = Debug|Any CPU
		{81F84FC2-D79A-4F50-8BA6-05C81BBAB135}.Debug|Any CPU.Build.0 = Debug|Any CPU
		{81F84FC2-D79A-4F50-8BA6-05C81BBAB135}.Release|Any CPU.ActiveCfg = Release|Any CPU
		{81F84FC2-D79A-4F50-8BA6-05C81BBAB135}.Release|Any CPU.Build.0 = Release|Any CPU
		{530DF075-21C3-4D8C-AF42-81248538FC22}.Debug|Any CPU.ActiveCfg = Debug|Any CPU
		{530DF075-21C3-4D8C-AF42-81248538FC22}.Debug|Any CPU.Build.0 = Debug|Any CPU
		{530DF075-21C3-4D8C-AF42-81248538FC22}.Release|Any CPU.ActiveCfg = Release|Any CPU
		{530DF075-21C3-4D8C-AF42-81248538FC22}.Release|Any CPU.Build.0 = Release|Any CPU
		{CFA279C9-9F48-4F96-A9E7-62E694DF1899}.Debug|Any CPU.ActiveCfg = Debug|Any CPU
		{CFA279C9-9F48-4F96-A9E7-62E694DF1899}.Debug|Any CPU.Build.0 = Debug|Any CPU
		{CFA279C9-9F48-4F96-A9E7-62E694DF1899}.Release|Any CPU.ActiveCfg = Release|Any CPU
		{CFA279C9-9F48-4F96-A9E7-62E694DF1899}.Release|Any CPU.Build.0 = Release|Any CPU
		{6AA0D4C5-C09C-4271-ADF8-74D3CD7C3964}.Debug|Any CPU.ActiveCfg = Debug|Any CPU
		{6AA0D4C5-C09C-4271-ADF8-74D3CD7C3964}.Debug|Any CPU.Build.0 = Debug|Any CPU
		{6AA0D4C5-C09C-4271-ADF8-74D3CD7C3964}.Release|Any CPU.ActiveCfg = Release|Any CPU
		{6AA0D4C5-C09C-4271-ADF8-74D3CD7C3964}.Release|Any CPU.Build.0 = Release|Any CPU
	EndGlobalSection
	GlobalSection(SolutionProperties) = preSolution
		HideSolutionNode = FALSE
	EndGlobalSection
	GlobalSection(NestedProjects) = preSolution
		{3FB40F93-44B9-47FF-814C-FD6D40EC173B} = {E4A88C30-C22F-4E75-B013-D8CC7DD90D32}
		{275C8BCC-3536-4AE2-8CF8-7FD4C89E2F05} = {3FB40F93-44B9-47FF-814C-FD6D40EC173B}
		{2BAFF1DD-00EE-4F12-9A7D-C686ED31D16F} = {E4A88C30-C22F-4E75-B013-D8CC7DD90D32}
		{6C5E043E-49F0-458C-B33B-924014D9A119} = {2BAFF1DD-00EE-4F12-9A7D-C686ED31D16F}
		{5AEE4053-DF60-4BF9-BAA5-5EB1957FED4B} = {E4A88C30-C22F-4E75-B013-D8CC7DD90D32}
		{EA77F882-9D75-4681-A2CE-2E428D472B15} = {5AEE4053-DF60-4BF9-BAA5-5EB1957FED4B}
		{5424B750-B809-4124-B108-7D3FF801475E} = {E4A88C30-C22F-4E75-B013-D8CC7DD90D32}
		{81F84FC2-D79A-4F50-8BA6-05C81BBAB135} = {5424B750-B809-4124-B108-7D3FF801475E}
		{530DF075-21C3-4D8C-AF42-81248538FC22} = {5424B750-B809-4124-B108-7D3FF801475E}
		{CFA279C9-9F48-4F96-A9E7-62E694DF1899} = {5424B750-B809-4124-B108-7D3FF801475E}
		{6AA0D4C5-C09C-4271-ADF8-74D3CD7C3964} = {5424B750-B809-4124-B108-7D3FF801475E}
	EndGlobalSection
	GlobalSection(ExtensibilityGlobals) = postSolution
		SolutionGuid = {D8481CAD-0277-46FD-99C7-8CEB2417F423}
	EndGlobalSection
EndGlobal
